
Microsoft Visual Studio Solution File, Format Version 12.00
# Visual Studio Version 17
VisualStudioVersion = 17.13.35919.96 d17.13
MinimumVisualStudioVersion = 10.0.40219.1
Project("{FAE04EC0-301F-11D3-BF4B-00C04F79EFBC}") = "tpWebGrupo10A_backup", "tpWebGrupo10A_backup\tpWebGrupo10A_backup.csproj", "{6D156AA4-EB72-4E2F-9A21-6E3F8576C45C}"
EndProject
Project("{FAE04EC0-301F-11D3-BF4B-00C04F79EFBC}") = "Dominio", "Dominio\Dominio.csproj", "{6A5CB06F-FBDE-48E0-B3E8-0AC7B688C489}"
EndProject
Project("{FAE04EC0-301F-11D3-BF4B-00C04F79EFBC}") = "Negocio", "Negocio\Negocio.csproj", "{EC7300B8-53C9-41B0-8D02-D37F4E9ED13D}"
EndProject
Global
	GlobalSection(SolutionConfigurationPlatforms) = preSolution
		Debug|Any CPU = Debug|Any CPU
		Release|Any CPU = Release|Any CPU
	EndGlobalSection
	GlobalSection(ProjectConfigurationPlatforms) = postSolution
		{6D156AA4-EB72-4E2F-9A21-6E3F8576C45C}.Debug|Any CPU.ActiveCfg = Debug|Any CPU
		{6D156AA4-EB72-4E2F-9A21-6E3F8576C45C}.Debug|Any CPU.Build.0 = Debug|Any CPU
		{6D156AA4-EB72-4E2F-9A21-6E3F8576C45C}.Release|Any CPU.ActiveCfg = Release|Any CPU
		{6D156AA4-EB72-4E2F-9A21-6E3F8576C45C}.Release|Any CPU.Build.0 = Release|Any CPU
		{6A5CB06F-FBDE-48E0-B3E8-0AC7B688C489}.Debug|Any CPU.ActiveCfg = Debug|Any CPU
		{6A5CB06F-FBDE-48E0-B3E8-0AC7B688C489}.Debug|Any CPU.Build.0 = Debug|Any CPU
		{6A5CB06F-FBDE-48E0-B3E8-0AC7B688C489}.Release|Any CPU.ActiveCfg = Release|Any CPU
		{6A5CB06F-FBDE-48E0-B3E8-0AC7B688C489}.Release|Any CPU.Build.0 = Release|Any CPU
		{EC7300B8-53C9-41B0-8D02-D37F4E9ED13D}.Debug|Any CPU.ActiveCfg = Debug|Any CPU
		{EC7300B8-53C9-41B0-8D02-D37F4E9ED13D}.Debug|Any CPU.Build.0 = Debug|Any CPU
		{EC7300B8-53C9-41B0-8D02-D37F4E9ED13D}.Release|Any CPU.ActiveCfg = Release|Any CPU
		{EC7300B8-53C9-41B0-8D02-D37F4E9ED13D}.Release|Any CPU.Build.0 = Release|Any CPU
	EndGlobalSection
	GlobalSection(SolutionProperties) = preSolution
		HideSolutionNode = FALSE
	EndGlobalSection
	GlobalSection(ExtensibilityGlobals) = postSolution
		SolutionGuid = {6BB57D77-D13A-4538-BDCF-BB774440B34D}
	EndGlobalSection
EndGlobal
